
Microsoft Visual Studio Solution File, Format Version 12.00
# Visual Studio Version 16
VisualStudioVersion = 16.0.31205.134
MinimumVisualStudioVersion = 10.0.40219.1
Project("{9A19103F-16F7-4668-BE54-9A1E7A4F7556}") = "01_2", "01_2\01_2.csproj", "{C12F29FF-9D7D-443F-8EE3-8477F8C96BB3}"
EndProject
Project("{9A19103F-16F7-4668-BE54-9A1E7A4F7556}") = "01_1", "01_1\01_1.csproj", "{4E1D5176-25E2-4F53-98B7-0415D79F7D5D}"
EndProject
Project("{9A19103F-16F7-4668-BE54-9A1E7A4F7556}") = "02_1", "02_1\02_1.csproj", "{546941A6-F85C-4B0B-8BFE-E2FD4A7ADD4F}"
EndProject
Project("{9A19103F-16F7-4668-BE54-9A1E7A4F7556}") = "02_2", "02_2\02_2.csproj", "{6C229E2B-F41B-46D1-8ADC-DE33DABC6D67}"
EndProject
Project("{9A19103F-16F7-4668-BE54-9A1E7A4F7556}") = "03_1", "03_1\03_1.csproj", "{349E9C9C-E53B-45B5-974E-F47E0A853E8B}"
EndProject
Project("{9A19103F-16F7-4668-BE54-9A1E7A4F7556}") = "03_2", "03_2\03_2.csproj", "{76B92326-5443-4BD8-8C22-C47A54C23CB5}"
EndProject
Project("{9A19103F-16F7-4668-BE54-9A1E7A4F7556}") = "04_1", "04_1\04_1.csproj", "{5866FA2E-DCA2-4D69-84C4-5192D9DCC830}"
EndProject
Project("{9A19103F-16F7-4668-BE54-9A1E7A4F7556}") = "04_2", "04_2\04_2.csproj", "{45D2171C-DB4E-4B37-A6F3-7820B1126740}"
EndProject
Project("{9A19103F-16F7-4668-BE54-9A1E7A4F7556}") = "05_1", "05_1\05_1.csproj", "{BE9187F1-A605-44E7-9093-9A1041C66894}"
EndProject
Project("{9A19103F-16F7-4668-BE54-9A1E7A4F7556}") = "05_2", "05_2\05_2.csproj", "{C34B8109-6E49-4B0B-8BF4-5EB47E8C43B5}"
EndProject
Project("{9A19103F-16F7-4668-BE54-9A1E7A4F7556}") = "06_1", "06_1\06_1.csproj", "{1EE33209-DAFD-418A-A688-580C5E045AB7}"
EndProject
Project("{9A19103F-16F7-4668-BE54-9A1E7A4F7556}") = "06_2", "06_2\06_2.csproj", "{A3107320-0A60-4C4A-8028-24484682EDB5}"
EndProject
Project("{9A19103F-16F7-4668-BE54-9A1E7A4F7556}") = "07_1", "07_1\07_1.csproj", "{1B43713C-579D-452C-B37A-77371D7C5DB4}"
EndProject
Project("{9A19103F-16F7-4668-BE54-9A1E7A4F7556}") = "07_2", "07_2\07_2.csproj", "{F6106AFA-67DD-47B0-83E4-F7D9343B0C16}"
EndProject
Project("{9A19103F-16F7-4668-BE54-9A1E7A4F7556}") = "08_1", "08_1\08_1.csproj", "{68D82E41-DF6D-4198-AEDE-3074CDD40777}"
EndProject
Project("{9A19103F-16F7-4668-BE54-9A1E7A4F7556}") = "08_2", "08_2\08_2.csproj", "{F1EC5629-D656-474C-A39C-B682518E4A09}"
EndProject
Project("{9A19103F-16F7-4668-BE54-9A1E7A4F7556}") = "09_1", "09_1\09_1.csproj", "{D857A85E-C909-4BCA-BB71-9D7E41E0B949}"
EndProject
Project("{9A19103F-16F7-4668-BE54-9A1E7A4F7556}") = "09_2", "09_2\09_2.csproj", "{7CA64428-236E-4BB8-938C-2C6F318BDB2F}"
EndProject
Project("{9A19103F-16F7-4668-BE54-9A1E7A4F7556}") = "10_1", "10_1\10_1.csproj", "{243B761D-F357-473C-B5C6-2D84B0D8BF4D}"
EndProject
Project("{9A19103F-16F7-4668-BE54-9A1E7A4F7556}") = "10_2", "10_2\10_2.csproj", "{1A3801A0-0EBF-4F0D-8CC0-86652D574FAA}"
EndProject
Project("{9A19103F-16F7-4668-BE54-9A1E7A4F7556}") = "11_1", "11_1\11_1.csproj", "{09EA4C09-4FB2-49E6-B8C3-8E355CD04D05}"
EndProject
Project("{9A19103F-16F7-4668-BE54-9A1E7A4F7556}") = "11_2", "11_2\11_2.csproj", "{ECB386B4-7EC2-4225-BDAC-9621935DB28F}"
EndProject
Project("{9A19103F-16F7-4668-BE54-9A1E7A4F7556}") = "12_1", "12_1\12_1.csproj", "{10531994-D09F-4CAF-A350-DCD1CF3BD2B3}"
EndProject
Project("{9A19103F-16F7-4668-BE54-9A1E7A4F7556}") = "12_2", "12_2\12_2.csproj", "{143EE49B-8DCE-4606-A177-EB06A7BEC557}"
EndProject
Project("{9A19103F-16F7-4668-BE54-9A1E7A4F7556}") = "13_1", "13_1\13_1.csproj", "{2B1D291B-0494-4611-AC25-5CF186C95B00}"
EndProject
Project("{9A19103F-16F7-4668-BE54-9A1E7A4F7556}") = "13_2", "13_2\13_2.csproj", "{C0FD127A-8693-4092-8DD9-77FDB5B8E924}"
EndProject
Project("{FAE04EC0-301F-11D3-BF4B-00C04F79EFBC}") = "14_1", "14_1\14_1.csproj", "{34DA20C6-EAA3-488E-B6BB-97C6AED2D338}"
EndProject
Project("{FAE04EC0-301F-11D3-BF4B-00C04F79EFBC}") = "14_2", "14_2\14_2.csproj", "{5BCBF5B5-713F-4D13-BA7A-01E8B2871E45}"
EndProject
Project("{FAE04EC0-301F-11D3-BF4B-00C04F79EFBC}") = "15_1", "15_1\15_1.csproj", "{CE7CE8C4-C3CA-4DA6-93D4-42BFEA40DE72}"
EndProject
Project("{FAE04EC0-301F-11D3-BF4B-00C04F79EFBC}") = "15_2", "15_2\15_2.csproj", "{68808DA3-B680-4E65-B05D-46A6EC2363EC}"
EndProject
Project("{FAE04EC0-301F-11D3-BF4B-00C04F79EFBC}") = "16_1", "16_1\16_1.csproj", "{3C7AD32B-0B72-4CE8-954E-9C23105E9435}"
EndProject
Project("{FAE04EC0-301F-11D3-BF4B-00C04F79EFBC}") = "16_2", "16_2\16_2.csproj", "{52EC8B23-BE96-4E9D-9EDB-1D47C3190627}"
EndProject
Project("{FAE04EC0-301F-11D3-BF4B-00C04F79EFBC}") = "17_1", "17_1\17_1.csproj", "{46442785-5AC4-493A-A7C8-F9FD17D859D3}"
EndProject
Project("{FAE04EC0-301F-11D3-BF4B-00C04F79EFBC}") = "17_2", "17_2\17_2.csproj", "{C7271449-2EB5-4976-B5C4-989A390F6FBB}"
EndProject
Project("{FAE04EC0-301F-11D3-BF4B-00C04F79EFBC}") = "18_1", "18_1\18_1.csproj", "{27C9712E-026E-452F-9385-BE024786C73A}"
EndProject
Project("{FAE04EC0-301F-11D3-BF4B-00C04F79EFBC}") = "18_2", "18_2\18_2.csproj", "{EFBB8E8E-4980-4EA7-B831-F7DE1471A5C1}"
EndProject
Global
	GlobalSection(SolutionConfigurationPlatforms) = preSolution
		Debug|Any CPU = Debug|Any CPU
		Release|Any CPU = Release|Any CPU
	EndGlobalSection
	GlobalSection(ProjectConfigurationPlatforms) = postSolution
		{C12F29FF-9D7D-443F-8EE3-8477F8C96BB3}.Debug|Any CPU.ActiveCfg = Debug|Any CPU
		{C12F29FF-9D7D-443F-8EE3-8477F8C96BB3}.Debug|Any CPU.Build.0 = Debug|Any CPU
		{C12F29FF-9D7D-443F-8EE3-8477F8C96BB3}.Release|Any CPU.ActiveCfg = Release|Any CPU
		{C12F29FF-9D7D-443F-8EE3-8477F8C96BB3}.Release|Any CPU.Build.0 = Release|Any CPU
		{4E1D5176-25E2-4F53-98B7-0415D79F7D5D}.Debug|Any CPU.ActiveCfg = Debug|Any CPU
		{4E1D5176-25E2-4F53-98B7-0415D79F7D5D}.Debug|Any CPU.Build.0 = Debug|Any CPU
		{4E1D5176-25E2-4F53-98B7-0415D79F7D5D}.Release|Any CPU.ActiveCfg = Release|Any CPU
		{4E1D5176-25E2-4F53-98B7-0415D79F7D5D}.Release|Any CPU.Build.0 = Release|Any CPU
		{546941A6-F85C-4B0B-8BFE-E2FD4A7ADD4F}.Debug|Any CPU.ActiveCfg = Debug|Any CPU
		{546941A6-F85C-4B0B-8BFE-E2FD4A7ADD4F}.Debug|Any CPU.Build.0 = Debug|Any CPU
		{546941A6-F85C-4B0B-8BFE-E2FD4A7ADD4F}.Release|Any CPU.ActiveCfg = Release|Any CPU
		{546941A6-F85C-4B0B-8BFE-E2FD4A7ADD4F}.Release|Any CPU.Build.0 = Release|Any CPU
		{6C229E2B-F41B-46D1-8ADC-DE33DABC6D67}.Debug|Any CPU.ActiveCfg = Debug|Any CPU
		{6C229E2B-F41B-46D1-8ADC-DE33DABC6D67}.Debug|Any CPU.Build.0 = Debug|Any CPU
		{6C229E2B-F41B-46D1-8ADC-DE33DABC6D67}.Release|Any CPU.ActiveCfg = Release|Any CPU
		{6C229E2B-F41B-46D1-8ADC-DE33DABC6D67}.Release|Any CPU.Build.0 = Release|Any CPU
		{349E9C9C-E53B-45B5-974E-F47E0A853E8B}.Debug|Any CPU.ActiveCfg = Debug|Any CPU
		{349E9C9C-E53B-45B5-974E-F47E0A853E8B}.Debug|Any CPU.Build.0 = Debug|Any CPU
		{349E9C9C-E53B-45B5-974E-F47E0A853E8B}.Release|Any CPU.ActiveCfg = Release|Any CPU
		{349E9C9C-E53B-45B5-974E-F47E0A853E8B}.Release|Any CPU.Build.0 = Release|Any CPU
		{76B92326-5443-4BD8-8C22-C47A54C23CB5}.Debug|Any CPU.ActiveCfg = Debug|Any CPU
		{76B92326-5443-4BD8-8C22-C47A54C23CB5}.Debug|Any CPU.Build.0 = Debug|Any CPU
		{76B92326-5443-4BD8-8C22-C47A54C23CB5}.Release|Any CPU.ActiveCfg = Release|Any CPU
		{76B92326-5443-4BD8-8C22-C47A54C23CB5}.Release|Any CPU.Build.0 = Release|Any CPU
		{5866FA2E-DCA2-4D69-84C4-5192D9DCC830}.Debug|Any CPU.ActiveCfg = Debug|Any CPU
		{5866FA2E-DCA2-4D69-84C4-5192D9DCC830}.Debug|Any CPU.Build.0 = Debug|Any CPU
		{5866FA2E-DCA2-4D69-84C4-5192D9DCC830}.Release|Any CPU.ActiveCfg = Release|Any CPU
		{5866FA2E-DCA2-4D69-84C4-5192D9DCC830}.Release|Any CPU.Build.0 = Release|Any CPU
		{45D2171C-DB4E-4B37-A6F3-7820B1126740}.Debug|Any CPU.ActiveCfg = Debug|Any CPU
		{45D2171C-DB4E-4B37-A6F3-7820B1126740}.Debug|Any CPU.Build.0 = Debug|Any CPU
		{45D2171C-DB4E-4B37-A6F3-7820B1126740}.Release|Any CPU.ActiveCfg = Release|Any CPU
		{45D2171C-DB4E-4B37-A6F3-7820B1126740}.Release|Any CPU.Build.0 = Release|Any CPU
		{BE9187F1-A605-44E7-9093-9A1041C66894}.Debug|Any CPU.ActiveCfg = Debug|Any CPU
		{BE9187F1-A605-44E7-9093-9A1041C66894}.Debug|Any CPU.Build.0 = Debug|Any CPU
		{BE9187F1-A605-44E7-9093-9A1041C66894}.Release|Any CPU.ActiveCfg = Release|Any CPU
		{BE9187F1-A605-44E7-9093-9A1041C66894}.Release|Any CPU.Build.0 = Release|Any CPU
		{C34B8109-6E49-4B0B-8BF4-5EB47E8C43B5}.Debug|Any CPU.ActiveCfg = Debug|Any CPU
		{C34B8109-6E49-4B0B-8BF4-5EB47E8C43B5}.Debug|Any CPU.Build.0 = Debug|Any CPU
		{C34B8109-6E49-4B0B-8BF4-5EB47E8C43B5}.Release|Any CPU.ActiveCfg = Release|Any CPU
		{C34B8109-6E49-4B0B-8BF4-5EB47E8C43B5}.Release|Any CPU.Build.0 = Release|Any CPU
		{1EE33209-DAFD-418A-A688-580C5E045AB7}.Debug|Any CPU.ActiveCfg = Debug|Any CPU
		{1EE33209-DAFD-418A-A688-580C5E045AB7}.Debug|Any CPU.Build.0 = Debug|Any CPU
		{1EE33209-DAFD-418A-A688-580C5E045AB7}.Release|Any CPU.ActiveCfg = Release|Any CPU
		{1EE33209-DAFD-418A-A688-580C5E045AB7}.Release|Any CPU.Build.0 = Release|Any CPU
		{A3107320-0A60-4C4A-8028-24484682EDB5}.Debug|Any CPU.ActiveCfg = Debug|Any CPU
		{A3107320-0A60-4C4A-8028-24484682EDB5}.Debug|Any CPU.Build.0 = Debug|Any CPU
		{A3107320-0A60-4C4A-8028-24484682EDB5}.Release|Any CPU.ActiveCfg = Release|Any CPU
		{A3107320-0A60-4C4A-8028-24484682EDB5}.Release|Any CPU.Build.0 = Release|Any CPU
		{1B43713C-579D-452C-B37A-77371D7C5DB4}.Debug|Any CPU.ActiveCfg = Debug|Any CPU
		{1B43713C-579D-452C-B37A-77371D7C5DB4}.Debug|Any CPU.Build.0 = Debug|Any CPU
		{1B43713C-579D-452C-B37A-77371D7C5DB4}.Release|Any CPU.ActiveCfg = Release|Any CPU
		{1B43713C-579D-452C-B37A-77371D7C5DB4}.Release|Any CPU.Build.0 = Release|Any CPU
		{F6106AFA-67DD-47B0-83E4-F7D9343B0C16}.Debug|Any CPU.ActiveCfg = Debug|Any CPU
		{F6106AFA-67DD-47B0-83E4-F7D9343B0C16}.Debug|Any CPU.Build.0 = Debug|Any CPU
		{F6106AFA-67DD-47B0-83E4-F7D9343B0C16}.Release|Any CPU.ActiveCfg = Release|Any CPU
		{F6106AFA-67DD-47B0-83E4-F7D9343B0C16}.Release|Any CPU.Build.0 = Release|Any CPU
		{68D82E41-DF6D-4198-AEDE-3074CDD40777}.Debug|Any CPU.ActiveCfg = Debug|Any CPU
		{68D82E41-DF6D-4198-AEDE-3074CDD40777}.Debug|Any CPU.Build.0 = Debug|Any CPU
		{68D82E41-DF6D-4198-AEDE-3074CDD40777}.Release|Any CPU.ActiveCfg = Release|Any CPU
		{68D82E41-DF6D-4198-AEDE-3074CDD40777}.Release|Any CPU.Build.0 = Release|Any CPU
		{F1EC5629-D656-474C-A39C-B682518E4A09}.Debug|Any CPU.ActiveCfg = Debug|Any CPU
		{F1EC5629-D656-474C-A39C-B682518E4A09}.Debug|Any CPU.Build.0 = Debug|Any CPU
		{F1EC5629-D656-474C-A39C-B682518E4A09}.Release|Any CPU.ActiveCfg = Release|Any CPU
		{F1EC5629-D656-474C-A39C-B682518E4A09}.Release|Any CPU.Build.0 = Release|Any CPU
		{D857A85E-C909-4BCA-BB71-9D7E41E0B949}.Debug|Any CPU.ActiveCfg = Debug|Any CPU
		{D857A85E-C909-4BCA-BB71-9D7E41E0B949}.Debug|Any CPU.Build.0 = Debug|Any CPU
		{D857A85E-C909-4BCA-BB71-9D7E41E0B949}.Release|Any CPU.ActiveCfg = Release|Any CPU
		{D857A85E-C909-4BCA-BB71-9D7E41E0B949}.Release|Any CPU.Build.0 = Release|Any CPU
		{7CA64428-236E-4BB8-938C-2C6F318BDB2F}.Debug|Any CPU.ActiveCfg = Debug|Any CPU
		{7CA64428-236E-4BB8-938C-2C6F318BDB2F}.Debug|Any CPU.Build.0 = Debug|Any CPU
		{7CA64428-236E-4BB8-938C-2C6F318BDB2F}.Release|Any CPU.ActiveCfg = Release|Any CPU
		{7CA64428-236E-4BB8-938C-2C6F318BDB2F}.Release|Any CPU.Build.0 = Release|Any CPU
		{243B761D-F357-473C-B5C6-2D84B0D8BF4D}.Debug|Any CPU.ActiveCfg = Debug|Any CPU
		{243B761D-F357-473C-B5C6-2D84B0D8BF4D}.Debug|Any CPU.Build.0 = Debug|Any CPU
		{243B761D-F357-473C-B5C6-2D84B0D8BF4D}.Release|Any CPU.ActiveCfg = Release|Any CPU
		{243B761D-F357-473C-B5C6-2D84B0D8BF4D}.Release|Any CPU.Build.0 = Release|Any CPU
		{1A3801A0-0EBF-4F0D-8CC0-86652D574FAA}.Debug|Any CPU.ActiveCfg = Debug|Any CPU
		{1A3801A0-0EBF-4F0D-8CC0-86652D574FAA}.Debug|Any CPU.Build.0 = Debug|Any CPU
		{1A3801A0-0EBF-4F0D-8CC0-86652D574FAA}.Release|Any CPU.ActiveCfg = Release|Any CPU
		{1A3801A0-0EBF-4F0D-8CC0-86652D574FAA}.Release|Any CPU.Build.0 = Release|Any CPU
		{09EA4C09-4FB2-49E6-B8C3-8E355CD04D05}.Debug|Any CPU.ActiveCfg = Debug|Any CPU
		{09EA4C09-4FB2-49E6-B8C3-8E355CD04D05}.Debug|Any CPU.Build.0 = Debug|Any CPU
		{09EA4C09-4FB2-49E6-B8C3-8E355CD04D05}.Release|Any CPU.ActiveCfg = Release|Any CPU
		{09EA4C09-4FB2-49E6-B8C3-8E355CD04D05}.Release|Any CPU.Build.0 = Release|Any CPU
		{ECB386B4-7EC2-4225-BDAC-9621935DB28F}.Debug|Any CPU.ActiveCfg = Debug|Any CPU
		{ECB386B4-7EC2-4225-BDAC-9621935DB28F}.Debug|Any CPU.Build.0 = Debug|Any CPU
		{ECB386B4-7EC2-4225-BDAC-9621935DB28F}.Release|Any CPU.ActiveCfg = Release|Any CPU
		{ECB386B4-7EC2-4225-BDAC-9621935DB28F}.Release|Any CPU.Build.0 = Release|Any CPU
		{10531994-D09F-4CAF-A350-DCD1CF3BD2B3}.Debug|Any CPU.ActiveCfg = Debug|Any CPU
		{10531994-D09F-4CAF-A350-DCD1CF3BD2B3}.Debug|Any CPU.Build.0 = Debug|Any CPU
		{10531994-D09F-4CAF-A350-DCD1CF3BD2B3}.Release|Any CPU.ActiveCfg = Release|Any CPU
		{10531994-D09F-4CAF-A350-DCD1CF3BD2B3}.Release|Any CPU.Build.0 = Release|Any CPU
		{143EE49B-8DCE-4606-A177-EB06A7BEC557}.Debug|Any CPU.ActiveCfg = Debug|Any CPU
		{143EE49B-8DCE-4606-A177-EB06A7BEC557}.Debug|Any CPU.Build.0 = Debug|Any CPU
		{143EE49B-8DCE-4606-A177-EB06A7BEC557}.Release|Any CPU.ActiveCfg = Release|Any CPU
		{143EE49B-8DCE-4606-A177-EB06A7BEC557}.Release|Any CPU.Build.0 = Release|Any CPU
		{2B1D291B-0494-4611-AC25-5CF186C95B00}.Debug|Any CPU.ActiveCfg = Debug|Any CPU
		{2B1D291B-0494-4611-AC25-5CF186C95B00}.Debug|Any CPU.Build.0 = Debug|Any CPU
		{2B1D291B-0494-4611-AC25-5CF186C95B00}.Release|Any CPU.ActiveCfg = Release|Any CPU
		{2B1D291B-0494-4611-AC25-5CF186C95B00}.Release|Any CPU.Build.0 = Release|Any CPU
		{C0FD127A-8693-4092-8DD9-77FDB5B8E924}.Debug|Any CPU.ActiveCfg = Debug|Any CPU
		{C0FD127A-8693-4092-8DD9-77FDB5B8E924}.Debug|Any CPU.Build.0 = Debug|Any CPU
		{C0FD127A-8693-4092-8DD9-77FDB5B8E924}.Release|Any CPU.ActiveCfg = Release|Any CPU
		{C0FD127A-8693-4092-8DD9-77FDB5B8E924}.Release|Any CPU.Build.0 = Release|Any CPU
		{34DA20C6-EAA3-488E-B6BB-97C6AED2D338}.Debug|Any CPU.ActiveCfg = Debug|Any CPU
		{34DA20C6-EAA3-488E-B6BB-97C6AED2D338}.Debug|Any CPU.Build.0 = Debug|Any CPU
		{34DA20C6-EAA3-488E-B6BB-97C6AED2D338}.Release|Any CPU.ActiveCfg = Release|Any CPU
		{34DA20C6-EAA3-488E-B6BB-97C6AED2D338}.Release|Any CPU.Build.0 = Release|Any CPU
		{5BCBF5B5-713F-4D13-BA7A-01E8B2871E45}.Debug|Any CPU.ActiveCfg = Debug|Any CPU
		{5BCBF5B5-713F-4D13-BA7A-01E8B2871E45}.Debug|Any CPU.Build.0 = Debug|Any CPU
		{5BCBF5B5-713F-4D13-BA7A-01E8B2871E45}.Release|Any CPU.ActiveCfg = Release|Any CPU
		{5BCBF5B5-713F-4D13-BA7A-01E8B2871E45}.Release|Any CPU.Build.0 = Release|Any CPU
		{CE7CE8C4-C3CA-4DA6-93D4-42BFEA40DE72}.Debug|Any CPU.ActiveCfg = Debug|Any CPU
		{CE7CE8C4-C3CA-4DA6-93D4-42BFEA40DE72}.Debug|Any CPU.Build.0 = Debug|Any CPU
		{CE7CE8C4-C3CA-4DA6-93D4-42BFEA40DE72}.Release|Any CPU.ActiveCfg = Release|Any CPU
		{CE7CE8C4-C3CA-4DA6-93D4-42BFEA40DE72}.Release|Any CPU.Build.0 = Release|Any CPU
		{68808DA3-B680-4E65-B05D-46A6EC2363EC}.Debug|Any CPU.ActiveCfg = Debug|Any CPU
		{68808DA3-B680-4E65-B05D-46A6EC2363EC}.Debug|Any CPU.Build.0 = Debug|Any CPU
		{68808DA3-B680-4E65-B05D-46A6EC2363EC}.Release|Any CPU.ActiveCfg = Release|Any CPU
		{68808DA3-B680-4E65-B05D-46A6EC2363EC}.Release|Any CPU.Build.0 = Release|Any CPU
		{3C7AD32B-0B72-4CE8-954E-9C23105E9435}.Debug|Any CPU.ActiveCfg = Debug|Any CPU
		{3C7AD32B-0B72-4CE8-954E-9C23105E9435}.Debug|Any CPU.Build.0 = Debug|Any CPU
		{3C7AD32B-0B72-4CE8-954E-9C23105E9435}.Release|Any CPU.ActiveCfg = Release|Any CPU
		{3C7AD32B-0B72-4CE8-954E-9C23105E9435}.Release|Any CPU.Build.0 = Release|Any CPU
		{52EC8B23-BE96-4E9D-9EDB-1D47C3190627}.Debug|Any CPU.ActiveCfg = Debug|Any CPU
		{52EC8B23-BE96-4E9D-9EDB-1D47C3190627}.Debug|Any CPU.Build.0 = Debug|Any CPU
		{52EC8B23-BE96-4E9D-9EDB-1D47C3190627}.Release|Any CPU.ActiveCfg = Release|Any CPU
		{52EC8B23-BE96-4E9D-9EDB-1D47C3190627}.Release|Any CPU.Build.0 = Release|Any CPU
		{46442785-5AC4-493A-A7C8-F9FD17D859D3}.Debug|Any CPU.ActiveCfg = Debug|Any CPU
		{46442785-5AC4-493A-A7C8-F9FD17D859D3}.Debug|Any CPU.Build.0 = Debug|Any CPU
		{46442785-5AC4-493A-A7C8-F9FD17D859D3}.Release|Any CPU.ActiveCfg = Release|Any CPU
		{46442785-5AC4-493A-A7C8-F9FD17D859D3}.Release|Any CPU.Build.0 = Release|Any CPU
		{C7271449-2EB5-4976-B5C4-989A390F6FBB}.Debug|Any CPU.ActiveCfg = Debug|Any CPU
		{C7271449-2EB5-4976-B5C4-989A390F6FBB}.Debug|Any CPU.Build.0 = Debug|Any CPU
		{C7271449-2EB5-4976-B5C4-989A390F6FBB}.Release|Any CPU.ActiveCfg = Release|Any CPU
		{C7271449-2EB5-4976-B5C4-989A390F6FBB}.Release|Any CPU.Build.0 = Release|Any CPU
		{27C9712E-026E-452F-9385-BE024786C73A}.Debug|Any CPU.ActiveCfg = Debug|Any CPU
		{27C9712E-026E-452F-9385-BE024786C73A}.Debug|Any CPU.Build.0 = Debug|Any CPU
		{27C9712E-026E-452F-9385-BE024786C73A}.Release|Any CPU.ActiveCfg = Release|Any CPU
		{27C9712E-026E-452F-9385-BE024786C73A}.Release|Any CPU.Build.0 = Release|Any CPU
		{EFBB8E8E-4980-4EA7-B831-F7DE1471A5C1}.Debug|Any CPU.ActiveCfg = Debug|Any CPU
		{EFBB8E8E-4980-4EA7-B831-F7DE1471A5C1}.Debug|Any CPU.Build.0 = Debug|Any CPU
		{EFBB8E8E-4980-4EA7-B831-F7DE1471A5C1}.Release|Any CPU.ActiveCfg = Release|Any CPU
		{EFBB8E8E-4980-4EA7-B831-F7DE1471A5C1}.Release|Any CPU.Build.0 = Release|Any CPU
	EndGlobalSection
	GlobalSection(SolutionProperties) = preSolution
		HideSolutionNode = FALSE
	EndGlobalSection
	GlobalSection(ExtensibilityGlobals) = postSolution
		SolutionGuid = {930641AF-9CE8-4AE9-A9E8-8CED01BBE790}
	EndGlobalSection
EndGlobal
