
Microsoft Visual Studio Solution File, Format Version 12.00
# Visual Studio Version 16
VisualStudioVersion = 16.0.31205.134
MinimumVisualStudioVersion = 10.0.40219.1
Project("{9A19103F-16F7-4668-BE54-9A1E7A4F7556}") = "01_2", "01_2\01_2.csproj", "{C12F29FF-9D7D-443F-8EE3-8477F8C96BB3}"
EndProject
Project("{9A19103F-16F7-4668-BE54-9A1E7A4F7556}") = "01_1", "01_1\01_1.csproj", "{4E1D5176-25E2-4F53-98B7-0415D79F7D5D}"
EndProject
Project("{9A19103F-16F7-4668-BE54-9A1E7A4F7556}") = "02_1", "02_1\02_1.csproj", "{546941A6-F85C-4B0B-8BFE-E2FD4A7ADD4F}"
EndProject
Project("{9A19103F-16F7-4668-BE54-9A1E7A4F7556}") = "02_2", "02_2\02_2.csproj", "{6C229E2B-F41B-46D1-8ADC-DE33DABC6D67}"
EndProject
Project("{9A19103F-16F7-4668-BE54-9A1E7A4F7556}") = "03_1", "03_1\03_1.csproj", "{349E9C9C-E53B-45B5-974E-F47E0A853E8B}"
EndProject
Project("{9A19103F-16F7-4668-BE54-9A1E7A4F7556}") = "03_2", "03_2\03_2.csproj", "{76B92326-5443-4BD8-8C22-C47A54C23CB5}"
EndProject
Project("{9A19103F-16F7-4668-BE54-9A1E7A4F7556}") = "04_1", "04_1\04_1.csproj", "{5866FA2E-DCA2-4D69-84C4-5192D9DCC830}"
EndProject
Project("{9A19103F-16F7-4668-BE54-9A1E7A4F7556}") = "04_2", "04_2\04_2.csproj", "{45D2171C-DB4E-4B37-A6F3-7820B1126740}"
EndProject
Project("{9A19103F-16F7-4668-BE54-9A1E7A4F7556}") = "05_1", "05_1\05_1.csproj", "{BE9187F1-A605-44E7-9093-9A1041C66894}"
EndProject
Project("{9A19103F-16F7-4668-BE54-9A1E7A4F7556}") = "05_2", "05_2\05_2.csproj", "{C34B8109-6E49-4B0B-8BF4-5EB47E8C43B5}"
EndProject
Project("{9A19103F-16F7-4668-BE54-9A1E7A4F7556}") = "06_1", "06_1\06_1.csproj", "{1EE33209-DAFD-418A-A688-580C5E045AB7}"
EndProject
Project("{9A19103F-16F7-4668-BE54-9A1E7A4F7556}") = "06_2", "06_2\06_2.csproj", "{A3107320-0A60-4C4A-8028-24484682EDB5}"
EndProject
Project("{9A19103F-16F7-4668-BE54-9A1E7A4F7556}") = "07_1", "07_1\07_1.csproj", "{1B43713C-579D-452C-B37A-77371D7C5DB4}"
EndProject
Project("{9A19103F-16F7-4668-BE54-9A1E7A4F7556}") = "07_2", "07_2\07_2.csproj", "{F6106AFA-67DD-47B0-83E4-F7D9343B0C16}"
EndProject
Project("{FAE04EC0-301F-11D3-BF4B-00C04F79EFBC}") = "08_1", "08_1\08_1.csproj", "{68D82E41-DF6D-4198-AEDE-3074CDD40777}"
EndProject
Project("{FAE04EC0-301F-11D3-BF4B-00C04F79EFBC}") = "08_2", "08_2\08_2.csproj", "{F1EC5629-D656-474C-A39C-B682518E4A09}"
EndProject
Project("{FAE04EC0-301F-11D3-BF4B-00C04F79EFBC}") = "09_1", "09_1\09_1.csproj", "{D857A85E-C909-4BCA-BB71-9D7E41E0B949}"
EndProject
Project("{FAE04EC0-301F-11D3-BF4B-00C04F79EFBC}") = "09_2", "09_2\09_2.csproj", "{7CA64428-236E-4BB8-938C-2C6F318BDB2F}"
EndProject
Global
	GlobalSection(SolutionConfigurationPlatforms) = preSolution
		Debug|Any CPU = Debug|Any CPU
		Release|Any CPU = Release|Any CPU
	EndGlobalSection
	GlobalSection(ProjectConfigurationPlatforms) = postSolution
		{C12F29FF-9D7D-443F-8EE3-8477F8C96BB3}.Debug|Any CPU.ActiveCfg = Debug|Any CPU
		{C12F29FF-9D7D-443F-8EE3-8477F8C96BB3}.Debug|Any CPU.Build.0 = Debug|Any CPU
		{C12F29FF-9D7D-443F-8EE3-8477F8C96BB3}.Release|Any CPU.ActiveCfg = Release|Any CPU
		{C12F29FF-9D7D-443F-8EE3-8477F8C96BB3}.Release|Any CPU.Build.0 = Release|Any CPU
		{4E1D5176-25E2-4F53-98B7-0415D79F7D5D}.Debug|Any CPU.ActiveCfg = Debug|Any CPU
		{4E1D5176-25E2-4F53-98B7-0415D79F7D5D}.Debug|Any CPU.Build.0 = Debug|Any CPU
		{4E1D5176-25E2-4F53-98B7-0415D79F7D5D}.Release|Any CPU.ActiveCfg = Release|Any CPU
		{4E1D5176-25E2-4F53-98B7-0415D79F7D5D}.Release|Any CPU.Build.0 = Release|Any CPU
		{546941A6-F85C-4B0B-8BFE-E2FD4A7ADD4F}.Debug|Any CPU.ActiveCfg = Debug|Any CPU
		{546941A6-F85C-4B0B-8BFE-E2FD4A7ADD4F}.Debug|Any CPU.Build.0 = Debug|Any CPU
		{546941A6-F85C-4B0B-8BFE-E2FD4A7ADD4F}.Release|Any CPU.ActiveCfg = Release|Any CPU
		{546941A6-F85C-4B0B-8BFE-E2FD4A7ADD4F}.Release|Any CPU.Build.0 = Release|Any CPU
		{6C229E2B-F41B-46D1-8ADC-DE33DABC6D67}.Debug|Any CPU.ActiveCfg = Debug|Any CPU
		{6C229E2B-F41B-46D1-8ADC-DE33DABC6D67}.Debug|Any CPU.Build.0 = Debug|Any CPU
		{6C229E2B-F41B-46D1-8ADC-DE33DABC6D67}.Release|Any CPU.ActiveCfg = Release|Any CPU
		{6C229E2B-F41B-46D1-8ADC-DE33DABC6D67}.Release|Any CPU.Build.0 = Release|Any CPU
		{349E9C9C-E53B-45B5-974E-F47E0A853E8B}.Debug|Any CPU.ActiveCfg = Debug|Any CPU
		{349E9C9C-E53B-45B5-974E-F47E0A853E8B}.Debug|Any CPU.Build.0 = Debug|Any CPU
		{349E9C9C-E53B-45B5-974E-F47E0A853E8B}.Release|Any CPU.ActiveCfg = Release|Any CPU
		{349E9C9C-E53B-45B5-974E-F47E0A853E8B}.Release|Any CPU.Build.0 = Release|Any CPU
		{76B92326-5443-4BD8-8C22-C47A54C23CB5}.Debug|Any CPU.ActiveCfg = Debug|Any CPU
		{76B92326-5443-4BD8-8C22-C47A54C23CB5}.Debug|Any CPU.Build.0 = Debug|Any CPU
		{76B92326-5443-4BD8-8C22-C47A54C23CB5}.Release|Any CPU.ActiveCfg = Release|Any CPU
		{76B92326-5443-4BD8-8C22-C47A54C23CB5}.Release|Any CPU.Build.0 = Release|Any CPU
		{5866FA2E-DCA2-4D69-84C4-5192D9DCC830}.Debug|Any CPU.ActiveCfg = Debug|Any CPU
		{5866FA2E-DCA2-4D69-84C4-5192D9DCC830}.Debug|Any CPU.Build.0 = Debug|Any CPU
		{5866FA2E-DCA2-4D69-84C4-5192D9DCC830}.Release|Any CPU.ActiveCfg = Release|Any CPU
		{5866FA2E-DCA2-4D69-84C4-5192D9DCC830}.Release|Any CPU.Build.0 = Release|Any CPU
		{45D2171C-DB4E-4B37-A6F3-7820B1126740}.Debug|Any CPU.ActiveCfg = Debug|Any CPU
		{45D2171C-DB4E-4B37-A6F3-7820B1126740}.Debug|Any CPU.Build.0 = Debug|Any CPU
		{45D2171C-DB4E-4B37-A6F3-7820B1126740}.Release|Any CPU.ActiveCfg = Release|Any CPU
		{45D2171C-DB4E-4B37-A6F3-7820B1126740}.Release|Any CPU.Build.0 = Release|Any CPU
		{BE9187F1-A605-44E7-9093-9A1041C66894}.Debug|Any CPU.ActiveCfg = Debug|Any CPU
		{BE9187F1-A605-44E7-9093-9A1041C66894}.Debug|Any CPU.Build.0 = Debug|Any CPU
		{BE9187F1-A605-44E7-9093-9A1041C66894}.Release|Any CPU.ActiveCfg = Release|Any CPU
		{BE9187F1-A605-44E7-9093-9A1041C66894}.Release|Any CPU.Build.0 = Release|Any CPU
		{C34B8109-6E49-4B0B-8BF4-5EB47E8C43B5}.Debug|Any CPU.ActiveCfg = Debug|Any CPU
		{C34B8109-6E49-4B0B-8BF4-5EB47E8C43B5}.Debug|Any CPU.Build.0 = Debug|Any CPU
		{C34B8109-6E49-4B0B-8BF4-5EB47E8C43B5}.Release|Any CPU.ActiveCfg = Release|Any CPU
		{C34B8109-6E49-4B0B-8BF4-5EB47E8C43B5}.Release|Any CPU.Build.0 = Release|Any CPU
		{1EE33209-DAFD-418A-A688-580C5E045AB7}.Debug|Any CPU.ActiveCfg = Debug|Any CPU
		{1EE33209-DAFD-418A-A688-580C5E045AB7}.Debug|Any CPU.Build.0 = Debug|Any CPU
		{1EE33209-DAFD-418A-A688-580C5E045AB7}.Release|Any CPU.ActiveCfg = Release|Any CPU
		{1EE33209-DAFD-418A-A688-580C5E045AB7}.Release|Any CPU.Build.0 = Release|Any CPU
		{A3107320-0A60-4C4A-8028-24484682EDB5}.Debug|Any CPU.ActiveCfg = Debug|Any CPU
		{A3107320-0A60-4C4A-8028-24484682EDB5}.Debug|Any CPU.Build.0 = Debug|Any CPU
		{A3107320-0A60-4C4A-8028-24484682EDB5}.Release|Any CPU.ActiveCfg = Release|Any CPU
		{A3107320-0A60-4C4A-8028-24484682EDB5}.Release|Any CPU.Build.0 = Release|Any CPU
		{1B43713C-579D-452C-B37A-77371D7C5DB4}.Debug|Any CPU.ActiveCfg = Debug|Any CPU
		{1B43713C-579D-452C-B37A-77371D7C5DB4}.Debug|Any CPU.Build.0 = Debug|Any CPU
		{1B43713C-579D-452C-B37A-77371D7C5DB4}.Release|Any CPU.ActiveCfg = Release|Any CPU
		{1B43713C-579D-452C-B37A-77371D7C5DB4}.Release|Any CPU.Build.0 = Release|Any CPU
		{F6106AFA-67DD-47B0-83E4-F7D9343B0C16}.Debug|Any CPU.ActiveCfg = Debug|Any CPU
		{F6106AFA-67DD-47B0-83E4-F7D9343B0C16}.Debug|Any CPU.Build.0 = Debug|Any CPU
		{F6106AFA-67DD-47B0-83E4-F7D9343B0C16}.Release|Any CPU.ActiveCfg = Release|Any CPU
		{F6106AFA-67DD-47B0-83E4-F7D9343B0C16}.Release|Any CPU.Build.0 = Release|Any CPU
		{68D82E41-DF6D-4198-AEDE-3074CDD40777}.Debug|Any CPU.ActiveCfg = Debug|Any CPU
		{68D82E41-DF6D-4198-AEDE-3074CDD40777}.Debug|Any CPU.Build.0 = Debug|Any CPU
		{68D82E41-DF6D-4198-AEDE-3074CDD40777}.Release|Any CPU.ActiveCfg = Release|Any CPU
		{68D82E41-DF6D-4198-AEDE-3074CDD40777}.Release|Any CPU.Build.0 = Release|Any CPU
		{F1EC5629-D656-474C-A39C-B682518E4A09}.Debug|Any CPU.ActiveCfg = Debug|Any CPU
		{F1EC5629-D656-474C-A39C-B682518E4A09}.Debug|Any CPU.Build.0 = Debug|Any CPU
		{F1EC5629-D656-474C-A39C-B682518E4A09}.Release|Any CPU.ActiveCfg = Release|Any CPU
		{F1EC5629-D656-474C-A39C-B682518E4A09}.Release|Any CPU.Build.0 = Release|Any CPU
		{D857A85E-C909-4BCA-BB71-9D7E41E0B949}.Debug|Any CPU.ActiveCfg = Debug|Any CPU
		{D857A85E-C909-4BCA-BB71-9D7E41E0B949}.Debug|Any CPU.Build.0 = Debug|Any CPU
		{D857A85E-C909-4BCA-BB71-9D7E41E0B949}.Release|Any CPU.ActiveCfg = Release|Any CPU
		{D857A85E-C909-4BCA-BB71-9D7E41E0B949}.Release|Any CPU.Build.0 = Release|Any CPU
		{7CA64428-236E-4BB8-938C-2C6F318BDB2F}.Debug|Any CPU.ActiveCfg = Debug|Any CPU
		{7CA64428-236E-4BB8-938C-2C6F318BDB2F}.Debug|Any CPU.Build.0 = Debug|Any CPU
		{7CA64428-236E-4BB8-938C-2C6F318BDB2F}.Release|Any CPU.ActiveCfg = Release|Any CPU
		{7CA64428-236E-4BB8-938C-2C6F318BDB2F}.Release|Any CPU.Build.0 = Release|Any CPU
	EndGlobalSection
	GlobalSection(SolutionProperties) = preSolution
		HideSolutionNode = FALSE
	EndGlobalSection
	GlobalSection(ExtensibilityGlobals) = postSolution
		SolutionGuid = {930641AF-9CE8-4AE9-A9E8-8CED01BBE790}
	EndGlobalSection
EndGlobal
